Microsoft Visual Studio Solution File, Format Version 12.00
# Visual Studio Version 18
VisualStudioVersion = 18.2.11415.280 d18.0
MinimumVisualStudioVersion = 10.0.40219.1
Project("{FAE04EC0-301F-11D3-BF4B-00C04F79EFBC}") = "TriangleNet", "src\TriangleNet\TriangleNet.csproj", "{A1B2C3D4-0001-0001-0001-000000000001}"
EndProject
Project("{FAE04EC0-301F-11D3-BF4B-00C04F79EFBC}") = "MoleHill.Core", "src\MoleHill.Core\MoleHill.Core.csproj", "{A1B2C3D4-0002-0002-0002-000000000002}"
EndProject
Project("{FAE04EC0-301F-11D3-BF4B-00C04F79EFBC}") = "MoleHill.Grasshopper", "src\MoleHill.Grasshopper\MoleHill.Grasshopper.csproj", "{A1B2C3D4-0003-0003-0003-000000000003}"
EndProject
Project("{FAE04EC0-301F-11D3-BF4B-00C04F79EFBC}") = "MoleHill.Rhino", "src\MoleHill.Rhino\MoleHill.Rhino.csproj", "{F1B2C3D4-0004-0004-0004-000000000004}"
EndProject
Project("{2150E333-8FDC-42A3-9474-1A3956D46DE8}") = "src", "src", "{A1B2C3D4-F001-F001-F001-000000000001}"
EndProject
Project("{2150E333-8FDC-42A3-9474-1A3956D46DE8}") = "tests", "tests", "{A1B2C3D4-F002-F002-F002-000000000002}"
EndProject
Project("{FAE04EC0-301F-11D3-BF4B-00C04F79EFBC}") = "MoleHill.Core.Tests", "tests\MoleHill.Core.Tests\MoleHill.Core.Tests.csproj", "{17E31E94-A43A-4ED8-9FEA-EE3B2DD5E825}"
EndProject
Project("{FAE04EC0-301F-11D3-BF4B-00C04F79EFBC}") = "MoleHill.Grasshopper.Tests", "tests\MoleHill.Grasshopper.Tests\MoleHill.Grasshopper.Tests.csproj", "{304EFBE2-A8AD-478E-90B5-F5FE7AD2CBCF}"
EndProject
Project("{FAE04EC0-301F-11D3-BF4B-00C04F79EFBC}") = "MoleHill.Rhino.Tests", "tests\MoleHill.Rhino.Tests\MoleHill.Rhino.Tests.csproj", "{918D9349-9F79-494C-A86E-D43CB5666764}"
EndProject
Project("{FAE04EC0-301F-11D3-BF4B-00C04F79EFBC}") = "MoleHill.Interop", "src\MoleHill.Interop\MoleHill.Interop.csproj", "{DF6189A1-C9EF-49B0-B101-46622FC962C6}"
EndProject
Global
	GlobalSection(SolutionConfigurationPlatforms) = preSolution
		Debug|Any CPU = Debug|Any CPU
		Debug|x64 = Debug|x64
		Debug|x86 = Debug|x86
		Release|Any CPU = Release|Any CPU
		Release|x64 = Release|x64
		Release|x86 = Release|x86
		RhinoDebug|Any CPU = RhinoDebug|Any CPU
		RhinoDebug|x64 = RhinoDebug|x64
		RhinoDebug|x86 = RhinoDebug|x86
	EndGlobalSection
	GlobalSection(ProjectConfigurationPlatforms) = postSolution
		{A1B2C3D4-0001-0001-0001-000000000001}.Debug|Any CPU.ActiveCfg = Debug|Any CPU
		{A1B2C3D4-0001-0001-0001-000000000001}.Debug|Any CPU.Build.0 = Debug|Any CPU
		{A1B2C3D4-0001-0001-0001-000000000001}.Debug|x64.ActiveCfg = Debug|Any CPU
		{A1B2C3D4-0001-0001-0001-000000000001}.Debug|x64.Build.0 = Debug|Any CPU
		{A1B2C3D4-0001-0001-0001-000000000001}.Debug|x86.ActiveCfg = Debug|Any CPU
		{A1B2C3D4-0001-0001-0001-000000000001}.Debug|x86.Build.0 = Debug|Any CPU
		{A1B2C3D4-0001-0001-0001-000000000001}.Release|Any CPU.ActiveCfg = Release|Any CPU
		{A1B2C3D4-0001-0001-0001-000000000001}.Release|Any CPU.Build.0 = Release|Any CPU
		{A1B2C3D4-0001-0001-0001-000000000001}.Release|x64.ActiveCfg = Release|Any CPU
		{A1B2C3D4-0001-0001-0001-000000000001}.Release|x64.Build.0 = Release|Any CPU
		{A1B2C3D4-0001-0001-0001-000000000001}.Release|x86.ActiveCfg = Release|Any CPU
		{A1B2C3D4-0001-0001-0001-000000000001}.Release|x86.Build.0 = Release|Any CPU
		{A1B2C3D4-0001-0001-0001-000000000001}.RhinoDebug|Any CPU.ActiveCfg = Debug|Any CPU
		{A1B2C3D4-0001-0001-0001-000000000001}.RhinoDebug|Any CPU.Build.0 = Debug|Any CPU
		{A1B2C3D4-0001-0001-0001-000000000001}.RhinoDebug|x64.ActiveCfg = Debug|Any CPU
		{A1B2C3D4-0001-0001-0001-000000000001}.RhinoDebug|x64.Build.0 = Debug|Any CPU
		{A1B2C3D4-0001-0001-0001-000000000001}.RhinoDebug|x86.ActiveCfg = Debug|Any CPU
		{A1B2C3D4-0001-0001-0001-000000000001}.RhinoDebug|x86.Build.0 = Debug|Any CPU
		{A1B2C3D4-0002-0002-0002-000000000002}.Debug|Any CPU.ActiveCfg = Debug|Any CPU
		{A1B2C3D4-0002-0002-0002-000000000002}.Debug|Any CPU.Build.0 = Debug|Any CPU
		{A1B2C3D4-0002-0002-0002-000000000002}.Debug|x64.ActiveCfg = Debug|Any CPU
		{A1B2C3D4-0002-0002-0002-000000000002}.Debug|x64.Build.0 = Debug|Any CPU
		{A1B2C3D4-0002-0002-0002-000000000002}.Debug|x86.ActiveCfg = Debug|Any CPU
		{A1B2C3D4-0002-0002-0002-000000000002}.Debug|x86.Build.0 = Debug|Any CPU
		{A1B2C3D4-0002-0002-0002-000000000002}.Release|Any CPU.ActiveCfg = Release|Any CPU
		{A1B2C3D4-0002-0002-0002-000000000002}.Release|Any CPU.Build.0 = Release|Any CPU
		{A1B2C3D4-0002-0002-0002-000000000002}.Release|x64.ActiveCfg = Release|Any CPU
		{A1B2C3D4-0002-0002-0002-000000000002}.Release|x64.Build.0 = Release|Any CPU
		{A1B2C3D4-0002-0002-0002-000000000002}.Release|x86.ActiveCfg = Release|Any CPU
		{A1B2C3D4-0002-0002-0002-000000000002}.Release|x86.Build.0 = Release|Any CPU
		{A1B2C3D4-0002-0002-0002-000000000002}.RhinoDebug|Any CPU.ActiveCfg = Debug|Any CPU
		{A1B2C3D4-0002-0002-0002-000000000002}.RhinoDebug|Any CPU.Build.0 = Debug|Any CPU
		{A1B2C3D4-0002-0002-0002-000000000002}.RhinoDebug|x64.ActiveCfg = Debug|Any CPU
		{A1B2C3D4-0002-0002-0002-000000000002}.RhinoDebug|x64.Build.0 = Debug|Any CPU
		{A1B2C3D4-0002-0002-0002-000000000002}.RhinoDebug|x86.ActiveCfg = Debug|Any CPU
		{A1B2C3D4-0002-0002-0002-000000000002}.RhinoDebug|x86.Build.0 = Debug|Any CPU
		{A1B2C3D4-0003-0003-0003-000000000003}.Debug|Any CPU.ActiveCfg = Debug|Any CPU
		{A1B2C3D4-0003-0003-0003-000000000003}.Debug|Any CPU.Build.0 = Debug|Any CPU
		{A1B2C3D4-0003-0003-0003-000000000003}.Debug|x64.ActiveCfg = Debug|Any CPU
		{A1B2C3D4-0003-0003-0003-000000000003}.Debug|x64.Build.0 = Debug|Any CPU
		{A1B2C3D4-0003-0003-0003-000000000003}.Debug|x86.ActiveCfg = Debug|Any CPU
		{A1B2C3D4-0003-0003-0003-000000000003}.Debug|x86.Build.0 = Debug|Any CPU
		{A1B2C3D4-0003-0003-0003-000000000003}.Release|Any CPU.ActiveCfg = Release|Any CPU
		{A1B2C3D4-0003-0003-0003-000000000003}.Release|Any CPU.Build.0 = Release|Any CPU
		{A1B2C3D4-0003-0003-0003-000000000003}.Release|x64.ActiveCfg = Release|Any CPU
		{A1B2C3D4-0003-0003-0003-000000000003}.Release|x64.Build.0 = Release|Any CPU
		{A1B2C3D4-0003-0003-0003-000000000003}.Release|x86.ActiveCfg = Release|Any CPU
		{A1B2C3D4-0003-0003-0003-000000000003}.Release|x86.Build.0 = Release|Any CPU
		{A1B2C3D4-0003-0003-0003-000000000003}.RhinoDebug|Any CPU.ActiveCfg = Debug|Any CPU
		{A1B2C3D4-0003-0003-0003-000000000003}.RhinoDebug|x64.ActiveCfg = Debug|Any CPU
		{A1B2C3D4-0003-0003-0003-000000000003}.RhinoDebug|x64.Build.0 = Debug|Any CPU
		{A1B2C3D4-0003-0003-0003-000000000003}.RhinoDebug|x86.ActiveCfg = Debug|Any CPU
		{A1B2C3D4-0003-0003-0003-000000000003}.RhinoDebug|x86.Build.0 = Debug|Any CPU
		{F1B2C3D4-0004-0004-0004-000000000004}.Debug|Any CPU.ActiveCfg = Debug|Any CPU
		{F1B2C3D4-0004-0004-0004-000000000004}.Debug|Any CPU.Build.0 = Debug|Any CPU
		{F1B2C3D4-0004-0004-0004-000000000004}.Debug|x64.ActiveCfg = Debug|Any CPU
		{F1B2C3D4-0004-0004-0004-000000000004}.Debug|x64.Build.0 = Debug|Any CPU
		{F1B2C3D4-0004-0004-0004-000000000004}.Debug|x86.ActiveCfg = Debug|Any CPU
		{F1B2C3D4-0004-0004-0004-000000000004}.Debug|x86.Build.0 = Debug|Any CPU
		{F1B2C3D4-0004-0004-0004-000000000004}.Release|Any CPU.ActiveCfg = Release|Any CPU
		{F1B2C3D4-0004-0004-0004-000000000004}.Release|Any CPU.Build.0 = Release|Any CPU
		{F1B2C3D4-0004-0004-0004-000000000004}.Release|x64.ActiveCfg = Release|Any CPU
		{F1B2C3D4-0004-0004-0004-000000000004}.Release|x64.Build.0 = Release|Any CPU
		{F1B2C3D4-0004-0004-0004-000000000004}.Release|x86.ActiveCfg = Release|Any CPU
		{F1B2C3D4-0004-0004-0004-000000000004}.Release|x86.Build.0 = Release|Any CPU
		{F1B2C3D4-0004-0004-0004-000000000004}.RhinoDebug|Any CPU.ActiveCfg = Debug|Any CPU
		{F1B2C3D4-0004-0004-0004-000000000004}.RhinoDebug|Any CPU.Build.0 = Debug|Any CPU
		{F1B2C3D4-0004-0004-0004-000000000004}.RhinoDebug|x64.ActiveCfg = Debug|Any CPU
		{F1B2C3D4-0004-0004-0004-000000000004}.RhinoDebug|x64.Build.0 = Debug|Any CPU
		{F1B2C3D4-0004-0004-0004-000000000004}.RhinoDebug|x86.ActiveCfg = Debug|Any CPU
		{F1B2C3D4-0004-0004-0004-000000000004}.RhinoDebug|x86.Build.0 = Debug|Any CPU
		{17E31E94-A43A-4ED8-9FEA-EE3B2DD5E825}.Debug|Any CPU.ActiveCfg = Debug|Any CPU
		{17E31E94-A43A-4ED8-9FEA-EE3B2DD5E825}.Debug|Any CPU.Build.0 = Debug|Any CPU
		{17E31E94-A43A-4ED8-9FEA-EE3B2DD5E825}.Debug|x64.ActiveCfg = Debug|Any CPU
		{17E31E94-A43A-4ED8-9FEA-EE3B2DD5E825}.Debug|x64.Build.0 = Debug|Any CPU
		{17E31E94-A43A-4ED8-9FEA-EE3B2DD5E825}.Debug|x86.ActiveCfg = Debug|Any CPU
		{17E31E94-A43A-4ED8-9FEA-EE3B2DD5E825}.Debug|x86.Build.0 = Debug|Any CPU
		{17E31E94-A43A-4ED8-9FEA-EE3B2DD5E825}.Release|Any CPU.ActiveCfg = Release|Any CPU
		{17E31E94-A43A-4ED8-9FEA-EE3B2DD5E825}.Release|Any CPU.Build.0 = Release|Any CPU
		{17E31E94-A43A-4ED8-9FEA-EE3B2DD5E825}.Release|x64.ActiveCfg = Release|Any CPU
		{17E31E94-A43A-4ED8-9FEA-EE3B2DD5E825}.Release|x64.Build.0 = Release|Any CPU
		{17E31E94-A43A-4ED8-9FEA-EE3B2DD5E825}.Release|x86.ActiveCfg = Release|Any CPU
		{17E31E94-A43A-4ED8-9FEA-EE3B2DD5E825}.Release|x86.Build.0 = Release|Any CPU
		{17E31E94-A43A-4ED8-9FEA-EE3B2DD5E825}.RhinoDebug|Any CPU.ActiveCfg = Debug|Any CPU
		{17E31E94-A43A-4ED8-9FEA-EE3B2DD5E825}.RhinoDebug|x64.ActiveCfg = Debug|Any CPU
		{17E31E94-A43A-4ED8-9FEA-EE3B2DD5E825}.RhinoDebug|x64.Build.0 = Debug|Any CPU
		{17E31E94-A43A-4ED8-9FEA-EE3B2DD5E825}.RhinoDebug|x86.ActiveCfg = Debug|Any CPU
		{17E31E94-A43A-4ED8-9FEA-EE3B2DD5E825}.RhinoDebug|x86.Build.0 = Debug|Any CPU
		{304EFBE2-A8AD-478E-90B5-F5FE7AD2CBCF}.Debug|Any CPU.ActiveCfg = Debug|Any CPU
		{304EFBE2-A8AD-478E-90B5-F5FE7AD2CBCF}.Debug|Any CPU.Build.0 = Debug|Any CPU
		{304EFBE2-A8AD-478E-90B5-F5FE7AD2CBCF}.Debug|x64.ActiveCfg = Debug|Any CPU
		{304EFBE2-A8AD-478E-90B5-F5FE7AD2CBCF}.Debug|x64.Build.0 = Debug|Any CPU
		{304EFBE2-A8AD-478E-90B5-F5FE7AD2CBCF}.Debug|x86.ActiveCfg = Debug|Any CPU
		{304EFBE2-A8AD-478E-90B5-F5FE7AD2CBCF}.Debug|x86.Build.0 = Debug|Any CPU
		{304EFBE2-A8AD-478E-90B5-F5FE7AD2CBCF}.Release|Any CPU.ActiveCfg = Release|Any CPU
		{304EFBE2-A8AD-478E-90B5-F5FE7AD2CBCF}.Release|Any CPU.Build.0 = Release|Any CPU
		{304EFBE2-A8AD-478E-90B5-F5FE7AD2CBCF}.Release|x64.ActiveCfg = Release|Any CPU
		{304EFBE2-A8AD-478E-90B5-F5FE7AD2CBCF}.Release|x64.Build.0 = Release|Any CPU
		{304EFBE2-A8AD-478E-90B5-F5FE7AD2CBCF}.Release|x86.ActiveCfg = Release|Any CPU
		{304EFBE2-A8AD-478E-90B5-F5FE7AD2CBCF}.Release|x86.Build.0 = Release|Any CPU
		{304EFBE2-A8AD-478E-90B5-F5FE7AD2CBCF}.RhinoDebug|Any CPU.ActiveCfg = Debug|Any CPU
		{304EFBE2-A8AD-478E-90B5-F5FE7AD2CBCF}.RhinoDebug|x64.ActiveCfg = Debug|Any CPU
		{304EFBE2-A8AD-478E-90B5-F5FE7AD2CBCF}.RhinoDebug|x64.Build.0 = Debug|Any CPU
		{304EFBE2-A8AD-478E-90B5-F5FE7AD2CBCF}.RhinoDebug|x86.ActiveCfg = Debug|Any CPU
		{304EFBE2-A8AD-478E-90B5-F5FE7AD2CBCF}.RhinoDebug|x86.Build.0 = Debug|Any CPU
		{918D9349-9F79-494C-A86E-D43CB5666764}.Debug|Any CPU.ActiveCfg = Debug|Any CPU
		{918D9349-9F79-494C-A86E-D43CB5666764}.Debug|Any CPU.Build.0 = Debug|Any CPU
		{918D9349-9F79-494C-A86E-D43CB5666764}.Debug|x64.ActiveCfg = Debug|Any CPU
		{918D9349-9F79-494C-A86E-D43CB5666764}.Debug|x64.Build.0 = Debug|Any CPU
		{918D9349-9F79-494C-A86E-D43CB5666764}.Debug|x86.ActiveCfg = Debug|Any CPU
		{918D9349-9F79-494C-A86E-D43CB5666764}.Debug|x86.Build.0 = Debug|Any CPU
		{918D9349-9F79-494C-A86E-D43CB5666764}.Release|Any CPU.ActiveCfg = Release|Any CPU
		{918D9349-9F79-494C-A86E-D43CB5666764}.Release|Any CPU.Build.0 = Release|Any CPU
		{918D9349-9F79-494C-A86E-D43CB5666764}.Release|x64.ActiveCfg = Release|Any CPU
		{918D9349-9F79-494C-A86E-D43CB5666764}.Release|x64.Build.0 = Release|Any CPU
		{918D9349-9F79-494C-A86E-D43CB5666764}.Release|x86.ActiveCfg = Release|Any CPU
		{918D9349-9F79-494C-A86E-D43CB5666764}.Release|x86.Build.0 = Release|Any CPU
		{918D9349-9F79-494C-A86E-D43CB5666764}.RhinoDebug|Any CPU.ActiveCfg = Debug|Any CPU
		{918D9349-9F79-494C-A86E-D43CB5666764}.RhinoDebug|Any CPU.Build.0 = Debug|Any CPU
		{918D9349-9F79-494C-A86E-D43CB5666764}.RhinoDebug|x64.ActiveCfg = Debug|Any CPU
		{918D9349-9F79-494C-A86E-D43CB5666764}.RhinoDebug|x64.Build.0 = Debug|Any CPU
		{918D9349-9F79-494C-A86E-D43CB5666764}.RhinoDebug|x86.ActiveCfg = Debug|Any CPU
		{918D9349-9F79-494C-A86E-D43CB5666764}.RhinoDebug|x86.Build.0 = Debug|Any CPU
		{DF6189A1-C9EF-49B0-B101-46622FC962C6}.Debug|Any CPU.ActiveCfg = Debug|Any CPU
		{DF6189A1-C9EF-49B0-B101-46622FC962C6}.Debug|Any CPU.Build.0 = Debug|Any CPU
		{DF6189A1-C9EF-49B0-B101-46622FC962C6}.Debug|x64.ActiveCfg = Debug|Any CPU
		{DF6189A1-C9EF-49B0-B101-46622FC962C6}.Debug|x64.Build.0 = Debug|Any CPU
		{DF6189A1-C9EF-49B0-B101-46622FC962C6}.Debug|x86.ActiveCfg = Debug|Any CPU
		{DF6189A1-C9EF-49B0-B101-46622FC962C6}.Debug|x86.Build.0 = Debug|Any CPU
		{DF6189A1-C9EF-49B0-B101-46622FC962C6}.Release|Any CPU.ActiveCfg = Release|Any CPU
		{DF6189A1-C9EF-49B0-B101-46622FC962C6}.Release|Any CPU.Build.0 = Release|Any CPU
		{DF6189A1-C9EF-49B0-B101-46622FC962C6}.Release|x64.ActiveCfg = Release|Any CPU
		{DF6189A1-C9EF-49B0-B101-46622FC962C6}.Release|x64.Build.0 = Release|Any CPU
		{DF6189A1-C9EF-49B0-B101-46622FC962C6}.Release|x86.ActiveCfg = Release|Any CPU
		{DF6189A1-C9EF-49B0-B101-46622FC962C6}.Release|x86.Build.0 = Release|Any CPU
		{DF6189A1-C9EF-49B0-B101-46622FC962C6}.RhinoDebug|Any CPU.ActiveCfg = Debug|Any CPU
		{DF6189A1-C9EF-49B0-B101-46622FC962C6}.RhinoDebug|Any CPU.Build.0 = Debug|Any CPU
		{DF6189A1-C9EF-49B0-B101-46622FC962C6}.RhinoDebug|x64.ActiveCfg = Debug|Any CPU
		{DF6189A1-C9EF-49B0-B101-46622FC962C6}.RhinoDebug|x64.Build.0 = Debug|Any CPU
		{DF6189A1-C9EF-49B0-B101-46622FC962C6}.RhinoDebug|x86.ActiveCfg = Debug|Any CPU
		{DF6189A1-C9EF-49B0-B101-46622FC962C6}.RhinoDebug|x86.Build.0 = Debug|Any CPU
	EndGlobalSection
	GlobalSection(SolutionProperties) = preSolution
		HideSolutionNode = FALSE
	EndGlobalSection
	GlobalSection(NestedProjects) = preSolution
		{A1B2C3D4-0001-0001-0001-000000000001} = {A1B2C3D4-F001-F001-F001-000000000001}
		{A1B2C3D4-0002-0002-0002-000000000002} = {A1B2C3D4-F001-F001-F001-000000000001}
		{A1B2C3D4-0003-0003-0003-000000000003} = {A1B2C3D4-F001-F001-F001-000000000001}
		{F1B2C3D4-0004-0004-0004-000000000004} = {A1B2C3D4-F001-F001-F001-000000000001}
		{17E31E94-A43A-4ED8-9FEA-EE3B2DD5E825} = {A1B2C3D4-F002-F002-F002-000000000002}
		{304EFBE2-A8AD-478E-90B5-F5FE7AD2CBCF} = {A1B2C3D4-F002-F002-F002-000000000002}
		{918D9349-9F79-494C-A86E-D43CB5666764} = {A1B2C3D4-F002-F002-F002-000000000002}
		{DF6189A1-C9EF-49B0-B101-46622FC962C6} = {A1B2C3D4-F001-F001-F001-000000000001}
	EndGlobalSection
EndGlobal
